
Microsoft Visual Studio Solution File, Format Version 12.00
# Visual Studio Version 17
VisualStudioVersion = 17.4.33403.182
MinimumVisualStudioVersion = 10.0.40219.1
Project("{FAE04EC0-301F-11D3-BF4B-00C04F79EFBC}") = "Weather", "Weather\Weather.csproj", "{1B0A85DC-ED3A-4A28-9208-13D8C97EF51C}"
EndProject
Global
	GlobalSection(SolutionConfigurationPlatforms) = preSolution
		Debug|Any CPU = Debug|Any CPU
		Release|Any CPU = Release|Any CPU
	EndGlobalSection
	GlobalSection(ProjectConfigurationPlatforms) = postSolution
		{1B0A85DC-ED3A-4A28-9208-13D8C97EF51C}.Debug|Any CPU.ActiveCfg = Debug|Any CPU
		{1B0A85DC-ED3A-4A28-9208-13D8C97EF51C}.Debug|Any CPU.Build.0 = Debug|Any CPU
		{1B0A85DC-ED3A-4A28-9208-13D8C97EF51C}.Release|Any CPU.ActiveCfg = Release|Any CPU
		{1B0A85DC-ED3A-4A28-9208-13D8C97EF51C}.Release|Any CPU.Build.0 = Release|Any CPU
	EndGlobalSection
	GlobalSection(SolutionProperties) = preSolution
		HideSolutionNode = FALSE
	EndGlobalSection
	GlobalSection(ExtensibilityGlobals) = postSolution
		SolutionGuid = {BBBA02E3-411A-4FF2-BA11-B6DE669E2322}
	EndGlobalSection
EndGlobal
